// !$*UTF8*$!
{
	archiveVersion = 1;
	classes = {
	};
	objectVersion = 56;
	objects = {

/* Begin PBXBuildFile section */
		C13CFD6A2C8E40F500E7800F /* AppDelegate.swift in Sources */ = {isa = PBXBuildFile; fileRef = C13CFD692C8E40F500E7800F /* AppDelegate.swift */; };
		C13CFD6C2C8E40F500E7800F /* SceneDelegate.swift in Sources */ = {isa = PBXBuildFile; fileRef = C13CFD6B2C8E40F500E7800F /* SceneDelegate.swift */; };
		C13E04C12C941ECF00B79C7C /* Tracker.swift in Sources */ = {isa = PBXBuildFile; fileRef = C13E04B52C941ECF00B79C7C /* Tracker.swift */; };
		C13E04C22C941ECF00B79C7C /* TrackerCategory.swift in Sources */ = {isa = PBXBuildFile; fileRef = C13E04B62C941ECF00B79C7C /* TrackerCategory.swift */; };
		C13E04C32C941ECF00B79C7C /* TrackerRecord.swift in Sources */ = {isa = PBXBuildFile; fileRef = C13E04B72C941ECF00B79C7C /* TrackerRecord.swift */; };
		C13E04C42C941ECF00B79C7C /* MainViewController.swift in Sources */ = {isa = PBXBuildFile; fileRef = C13E04B92C941ECF00B79C7C /* MainViewController.swift */; };
		C13E04C52C941ECF00B79C7C /* NewTrackerViewController.swift in Sources */ = {isa = PBXBuildFile; fileRef = C13E04BA2C941ECF00B79C7C /* NewTrackerViewController.swift */; };
		C13E04C62C941ECF00B79C7C /* ScheduleViewController.swift in Sources */ = {isa = PBXBuildFile; fileRef = C13E04BB2C941ECF00B79C7C /* ScheduleViewController.swift */; };
		C13E04C72C941ECF00B79C7C /* TrackerCell.swift in Sources */ = {isa = PBXBuildFile; fileRef = C13E04BC2C941ECF00B79C7C /* TrackerCell.swift */; };
		C13E04C82C941ECF00B79C7C /* TrackersViewController.swift in Sources */ = {isa = PBXBuildFile; fileRef = C13E04BD2C941ECF00B79C7C /* TrackersViewController.swift */; };
		C13E04C92C941ECF00B79C7C /* TrackerTypeSelectionViewController.swift in Sources */ = {isa = PBXBuildFile; fileRef = C13E04BE2C941ECF00B79C7C /* TrackerTypeSelectionViewController.swift */; };
		C13E04CA2C941ECF00B79C7C /* Weekday.swift in Sources */ = {isa = PBXBuildFile; fileRef = C13E04BF2C941ECF00B79C7C /* Weekday.swift */; };
		C13E04D02C941F0100B79C7C /* Assets.xcassets in Resources */ = {isa = PBXBuildFile; fileRef = C13E04CE2C941F0100B79C7C /* Assets.xcassets */; };
		C1CA54B82CB7DDAE0098090C /* Localizable.xcstrings in Resources */ = {isa = PBXBuildFile; fileRef = C1CA54B72CB7DDAE0098090C /* Localizable.xcstrings */; };
		C1F409C02CB6B75300B2FF06 /* LaunchScreen.storyboard in Resources */ = {isa = PBXBuildFile; fileRef = C13E04CB2C941F0100B79C7C /* LaunchScreen.storyboard */; };
/* End PBXBuildFile section */

/* Begin PBXFileReference section */
		C13CFD662C8E40F500E7800F /* Tracker.app */ = {isa = PBXFileReference; explicitFileType = wrapper.application; includeInIndex = 0; path = Tracker.app; sourceTree = BUILT_PRODUCTS_DIR; };
		C13CFD692C8E40F500E7800F /* AppDelegate.swift */ = {isa = PBXFileReference; lastKnownFileType = sourcecode.swift; path = AppDelegate.swift; sourceTree = "<group>"; };
		C13CFD6B2C8E40F500E7800F /* SceneDelegate.swift */ = {isa = PBXFileReference; lastKnownFileType = sourcecode.swift; path = SceneDelegate.swift; sourceTree = "<group>"; };
		C13CFD772C8E40F700E7800F /* Info.plist */ = {isa = PBXFileReference; lastKnownFileType = text.plist.xml; path = Info.plist; sourceTree = "<group>"; };
		C13E04B52C941ECF00B79C7C /* Tracker.swift */ = {isa = PBXFileReference; fileEncoding = 4; lastKnownFileType = sourcecode.swift; path = Tracker.swift; sourceTree = "<group>"; };
		C13E04B62C941ECF00B79C7C /* TrackerCategory.swift */ = {isa = PBXFileReference; fileEncoding = 4; lastKnownFileType = sourcecode.swift; path = TrackerCategory.swift; sourceTree = "<group>"; };
		C13E04B72C941ECF00B79C7C /* TrackerRecord.swift */ = {isa = PBXFileReference; fileEncoding = 4; lastKnownFileType = sourcecode.swift; path = TrackerRecord.swift; sourceTree = "<group>"; };
		C13E04B92C941ECF00B79C7C /* MainViewController.swift */ = {isa = PBXFileReference; fileEncoding = 4; lastKnownFileType = sourcecode.swift; path = MainViewController.swift; sourceTree = "<group>"; };
		C13E04BA2C941ECF00B79C7C /* NewTrackerViewController.swift */ = {isa = PBXFileReference; fileEncoding = 4; lastKnownFileType = sourcecode.swift; path = NewTrackerViewController.swift; sourceTree = "<group>"; };
		C13E04BB2C941ECF00B79C7C /* ScheduleViewController.swift */ = {isa = PBXFileReference; fileEncoding = 4; lastKnownFileType = sourcecode.swift; path = ScheduleViewController.swift; sourceTree = "<group>"; };
		C13E04BC2C941ECF00B79C7C /* TrackerCell.swift */ = {isa = PBXFileReference; fileEncoding = 4; lastKnownFileType = sourcecode.swift; path = TrackerCell.swift; sourceTree = "<group>"; };
		C13E04BD2C941ECF00B79C7C /* TrackersViewController.swift */ = {isa = PBXFileReference; fileEncoding = 4; lastKnownFileType = sourcecode.swift; path = TrackersViewController.swift; sourceTree = "<group>"; };
		C13E04BE2C941ECF00B79C7C /* TrackerTypeSelectionViewController.swift */ = {isa = PBXFileReference; fileEncoding = 4; lastKnownFileType = sourcecode.swift; path = TrackerTypeSelectionViewController.swift; sourceTree = "<group>"; };
		C13E04BF2C941ECF00B79C7C /* Weekday.swift */ = {isa = PBXFileReference; fileEncoding = 4; lastKnownFileType = sourcecode.swift; path = Weekday.swift; sourceTree = "<group>"; };
		C13E04CB2C941F0100B79C7C /* LaunchScreen.storyboard */ = {isa = PBXFileReference; lastKnownFileType = file.storyboard; path = LaunchScreen.storyboard; sourceTree = "<group>"; };
		C13E04CE2C941F0100B79C7C /* Assets.xcassets */ = {isa = PBXFileReference; lastKnownFileType = folder.assetcatalog; path = Assets.xcassets; sourceTree = "<group>"; };
		C1CA54B72CB7DDAE0098090C /* Localizable.xcstrings */ = {isa = PBXFileReference; lastKnownFileType = text.json.xcstrings; path = Localizable.xcstrings; sourceTree = "<group>"; };
/* End PBXFileReference section */

/* Begin PBXFrameworksBuildPhase section */
		C13CFD632C8E40F500E7800F /* Frameworks */ = {
			isa = PBXFrameworksBuildPhase;
			buildActionMask = 2147483647;
			files = (
			);
			runOnlyForDeploymentPostprocessing = 0;
		};
/* End PBXFrameworksBuildPhase section */

/* Begin PBXGroup section */
		C13CFD5D2C8E40F500E7800F = {
			isa = PBXGroup;
			children = (
				C13CFD682C8E40F500E7800F /* Tracker */,
				C13CFD672C8E40F500E7800F /* Products */,
			);
			sourceTree = "<group>";
		};
		C13CFD672C8E40F500E7800F /* Products */ = {
			isa = PBXGroup;
			children = (
				C13CFD662C8E40F500E7800F /* Tracker.app */,
			);
			name = Products;
			sourceTree = "<group>";
		};
		C13CFD682C8E40F500E7800F /* Tracker */ = {
			isa = PBXGroup;
			children = (
				C13E04CB2C941F0100B79C7C /* LaunchScreen.storyboard */,
				C13E04CE2C941F0100B79C7C /* Assets.xcassets */,
				C13E04C02C941ECF00B79C7C /* Presentation */,
				C13CFD692C8E40F500E7800F /* AppDelegate.swift */,
				C13CFD6B2C8E40F500E7800F /* SceneDelegate.swift */,
				C13CFD772C8E40F700E7800F /* Info.plist */,
				C1CA54B72CB7DDAE0098090C /* Localizable.xcstrings */,
			);
			path = Tracker;
			sourceTree = "<group>";
		};
		C13E04B82C941ECF00B79C7C /* Models */ = {
			isa = PBXGroup;
			children = (
				C13E04B52C941ECF00B79C7C /* Tracker.swift */,
				C13E04B62C941ECF00B79C7C /* TrackerCategory.swift */,
				C13E04B72C941ECF00B79C7C /* TrackerRecord.swift */,
			);
			path = Models;
			sourceTree = "<group>";
		};
		C13E04C02C941ECF00B79C7C /* Presentation */ = {
			isa = PBXGroup;
			children = (
				C13E04B82C941ECF00B79C7C /* Models */,
				C13E04B92C941ECF00B79C7C /* MainViewController.swift */,
				C13E04BA2C941ECF00B79C7C /* NewTrackerViewController.swift */,
				C13E04BB2C941ECF00B79C7C /* ScheduleViewController.swift */,
				C13E04BC2C941ECF00B79C7C /* TrackerCell.swift */,
				C13E04BD2C941ECF00B79C7C /* TrackersViewController.swift */,
				C13E04BE2C941ECF00B79C7C /* TrackerTypeSelectionViewController.swift */,
				C13E04BF2C941ECF00B79C7C /* Weekday.swift */,
			);
			path = Presentation;
			sourceTree = "<group>";
		};
/* End PBXGroup section */

/* Begin PBXNativeTarget section */
		C13CFD652C8E40F500E7800F /* Tracker */ = {
			isa = PBXNativeTarget;
			buildConfigurationList = C13CFD7A2C8E40F700E7800F /* Build configuration list for PBXNativeTarget "Tracker" */;
			buildPhases = (
				C13CFD622C8E40F500E7800F /* Sources */,
				C13CFD632C8E40F500E7800F /* Frameworks */,
				C13CFD642C8E40F500E7800F /* Resources */,
			);
			buildRules = (
			);
			dependencies = (
			);
			name = Tracker;
			productName = Tracker;
			productReference = C13CFD662C8E40F500E7800F /* Tracker.app */;
			productType = "com.apple.product-type.application";
		};
/* End PBXNativeTarget section */

/* Begin PBXProject section */
		C13CFD5E2C8E40F500E7800F /* Project object */ = {
			isa = PBXProject;
			attributes = {
				BuildIndependentTargetsInParallel = 1;
				LastSwiftUpdateCheck = 1540;
				LastUpgradeCheck = 1540;
				TargetAttributes = {
					C13CFD652C8E40F500E7800F = {
						CreatedOnToolsVersion = 15.4;
					};
				};
			};
			buildConfigurationList = C13CFD612C8E40F500E7800F /* Build configuration list for PBXProject "Tracker" */;
			compatibilityVersion = "Xcode 14.0";
			developmentRegion = en;
			hasScannedForEncodings = 0;
			knownRegions = (
				en,
				Base,
				ru,
			);
			mainGroup = C13CFD5D2C8E40F500E7800F;
			productRefGroup = C13CFD672C8E40F500E7800F /* Products */;
			projectDirPath = "";
			projectRoot = "";
			targets = (
				C13CFD652C8E40F500E7800F /* Tracker */,
			);
		};
/* End PBXProject section */

/* Begin PBXResourcesBuildPhase section */
		C13CFD642C8E40F500E7800F /* Resources */ = {
			isa = PBXResourcesBuildPhase;
			buildActionMask = 2147483647;
			files = (
				C13E04D02C941F0100B79C7C /* Assets.xcassets in Resources */,
				C1F409C02CB6B75300B2FF06 /* LaunchScreen.storyboard in Resources */,
				C1CA54B82CB7DDAE0098090C /* Localizable.xcstrings in Resources */,
			);
			runOnlyForDeploymentPostprocessing = 0;
		};
/* End PBXResourcesBuildPhase section */

/* Begin PBXSourcesBuildPhase section */
		C13CFD622C8E40F500E7800F /* Sources */ = {
			isa = PBXSourcesBuildPhase;
			buildActionMask = 2147483647;
			files = (
				C13E04C32C941ECF00B79C7C /* TrackerRecord.swift in Sources */,
				C13E04C72C941ECF00B79C7C /* TrackerCell.swift in Sources */,
				C13E04CA2C941ECF00B79C7C /* Weekday.swift in Sources */,
				C13E04C12C941ECF00B79C7C /* Tracker.swift in Sources */,
				C13E04C52C941ECF00B79C7C /* NewTrackerViewController.swift in Sources */,
				C13E04C62C941ECF00B79C7C /* ScheduleViewController.swift in Sources */,
				C13CFD6A2C8E40F500E7800F /* AppDelegate.swift in Sources */,
				C13E04C42C941ECF00B79C7C /* MainViewController.swift in Sources */,
				C13E04C82C941ECF00B79C7C /* TrackersViewController.swift in Sources */,
				C13E04C22C941ECF00B79C7C /* TrackerCategory.swift in Sources */,
				C13CFD6C2C8E40F500E7800F /* SceneDelegate.swift in Sources */,
				C13E04C92C941ECF00B79C7C /* TrackerTypeSelectionViewController.swift in Sources */,
			);
			runOnlyForDeploymentPostprocessing = 0;
		};
/* End PBXSourcesBuildPhase section */

/* Begin XCBuildConfiguration section */
		C13CFD782C8E40F700E7800F /* Debug */ = {
			isa = XCBuildConfiguration;
			buildSettings = {
				ALWAYS_SEARCH_USER_PATHS = NO;
				ASSETCATALOG_COMPILER_GENERATE_SWIFT_ASSET_SYMBOL_EXTENSIONS = YES;
				CLANG_ANALYZER_NONNULL = YES;
				CLANG_ANALYZER_NUMBER_OBJECT_CONVERSION = YES_AGGRESSIVE;
				CLANG_CXX_LANGUAGE_STANDARD = "gnu++20";
				CLANG_ENABLE_MODULES = YES;
				CLANG_ENABLE_OBJC_ARC = YES;
				CLANG_ENABLE_OBJC_WEAK = YES;
				CLANG_WARN_BLOCK_CAPTURE_AUTORELEASING = YES;
				CLANG_WARN_BOOL_CONVERSION = YES;
				CLANG_WARN_COMMA = YES;
				CLANG_WARN_CONSTANT_CONVERSION = YES;
				CLANG_WARN_DEPRECATED_OBJC_IMPLEMENTATIONS = YES;
				CLANG_WARN_DIRECT_OBJC_ISA_USAGE = YES_ERROR;
				CLANG_WARN_DOCUMENTATION_COMMENTS = YES;
				CLANG_WARN_EMPTY_BODY = YES;
				CLANG_WARN_ENUM_CONVERSION = YES;
				CLANG_WARN_INFINITE_RECURSION = YES;
				CLANG_WARN_INT_CONVERSION = YES;
				CLANG_WARN_NON_LITERAL_NULL_CONVERSION = YES;
				CLANG_WARN_OBJC_IMPLICIT_RETAIN_SELF = YES;
				CLANG_WARN_OBJC_LITERAL_CONVERSION = YES;
				CLANG_WARN_OBJC_ROOT_CLASS = YES_ERROR;
				CLANG_WARN_QUOTED_INCLUDE_IN_FRAMEWORK_HEADER = YES;
				CLANG_WARN_RANGE_LOOP_ANALYSIS = YES;
				CLANG_WARN_STRICT_PROTOTYPES = YES;
				CLANG_WARN_SUSPICIOUS_MOVE = YES;
				CLANG_WARN_UNGUARDED_AVAILABILITY = YES_AGGRESSIVE;
				CLANG_WARN_UNREACHABLE_CODE = YES;
				CLANG_WARN__DUPLICATE_METHOD_MATCH = YES;
				COPY_PHASE_STRIP = NO;
				DEBUG_INFORMATION_FORMAT = dwarf;
				ENABLE_STRICT_OBJC_MSGSEND = YES;
				ENABLE_TESTABILITY = YES;
				ENABLE_USER_SCRIPT_SANDBOXING = YES;
				GCC_C_LANGUAGE_STANDARD = gnu17;
				GCC_DYNAMIC_NO_PIC = NO;
				GCC_NO_COMMON_BLOCKS = YES;
				GCC_OPTIMIZATION_LEVEL = 0;
				GCC_PREPROCESSOR_DEFINITIONS = (
					"DEBUG=1",
					"$(inherited)",
				);
				GCC_WARN_64_TO_32_BIT_CONVERSION = YES;
				GCC_WARN_ABOUT_RETURN_TYPE = YES_ERROR;
				GCC_WARN_UNDECLARED_SELECTOR = YES;
				GCC_WARN_UNINITIALIZED_AUTOS = YES_AGGRESSIVE;
				GCC_WARN_UNUSED_FUNCTION = YES;
				GCC_WARN_UNUSED_VARIABLE = YES;
				IPHONEOS_DEPLOYMENT_TARGET = 13.4;
				LOCALIZATION_PREFERS_STRING_CATALOGS = YES;
				MTL_ENABLE_DEBUG_INFO = INCLUDE_SOURCE;
				MTL_FAST_MATH = YES;
				ONLY_ACTIVE_ARCH = YES;
				SDKROOT = iphoneos;
				SWIFT_ACTIVE_COMPILATION_CONDITIONS = "DEBUG $(inherited)";
				SWIFT_EMIT_LOC_STRINGS = YES;
				SWIFT_OPTIMIZATION_LEVEL = "-Onone";
			};
			name = Debug;
		};
		C13CFD792C8E40F700E7800F /* Release */ = {
			isa = XCBuildConfiguration;
			buildSettings = {
				ALWAYS_SEARCH_USER_PATHS = NO;
				ASSETCATALOG_COMPILER_GENERATE_SWIFT_ASSET_SYMBOL_EXTENSIONS = YES;
				CLANG_ANALYZER_NONNULL = YES;
				CLANG_ANALYZER_NUMBER_OBJECT_CONVERSION = YES_AGGRESSIVE;
				CLANG_CXX_LANGUAGE_STANDARD = "gnu++20";
				CLANG_ENABLE_MODULES = YES;
				CLANG_ENABLE_OBJC_ARC = YES;
				CLANG_ENABLE_OBJC_WEAK = YES;
				CLANG_WARN_BLOCK_CAPTURE_AUTORELEASING = YES;
				CLANG_WARN_BOOL_CONVERSION = YES;
				CLANG_WARN_COMMA = YES;
				CLANG_WARN_CONSTANT_CONVERSION = YES;
				CLANG_WARN_DEPRECATED_OBJC_IMPLEMENTATIONS = YES;
				CLANG_WARN_DIRECT_OBJC_ISA_USAGE = YES_ERROR;
				CLANG_WARN_DOCUMENTATION_COMMENTS = YES;
				CLANG_WARN_EMPTY_BODY = YES;
				CLANG_WARN_ENUM_CONVERSION = YES;
				CLANG_WARN_INFINITE_RECURSION = YES;
				CLANG_WARN_INT_CONVERSION = YES;
				CLANG_WARN_NON_LITERAL_NULL_CONVERSION = YES;
				CLANG_WARN_OBJC_IMPLICIT_RETAIN_SELF = YES;
				CLANG_WARN_OBJC_LITERAL_CONVERSION = YES;
				CLANG_WARN_OBJC_ROOT_CLASS = YES_ERROR;
				CLANG_WARN_QUOTED_INCLUDE_IN_FRAMEWORK_HEADER = YES;
				CLANG_WARN_RANGE_LOOP_ANALYSIS = YES;
				CLANG_WARN_STRICT_PROTOTYPES = YES;
				CLANG_WARN_SUSPICIOUS_MOVE = YES;
				CLANG_WARN_UNGUARDED_AVAILABILITY = YES_AGGRESSIVE;
				CLANG_WARN_UNREACHABLE_CODE = YES;
				CLANG_WARN__DUPLICATE_METHOD_MATCH = YES;
				COPY_PHASE_STRIP = NO;
				DEBUG_INFORMATION_FORMAT = "dwarf-with-dsym";
				ENABLE_NS_ASSERTIONS = NO;
				ENABLE_STRICT_OBJC_MSGSEND = YES;
				ENABLE_USER_SCRIPT_SANDBOXING = YES;
				GCC_C_LANGUAGE_STANDARD = gnu17;
				GCC_NO_COMMON_BLOCKS = YES;
				GCC_WARN_64_TO_32_BIT_CONVERSION = YES;
				GCC_WARN_ABOUT_RETURN_TYPE = YES_ERROR;
				GCC_WARN_UNDECLARED_SELECTOR = YES;
				GCC_WARN_UNINITIALIZED_AUTOS = YES_AGGRESSIVE;
				GCC_WARN_UNUSED_FUNCTION = YES;
				GCC_WARN_UNUSED_VARIABLE = YES;
				IPHONEOS_DEPLOYMENT_TARGET = 13.4;
				LOCALIZATION_PREFERS_STRING_CATALOGS = YES;
				MTL_ENABLE_DEBUG_INFO = NO;
				MTL_FAST_MATH = YES;
				SDKROOT = iphoneos;
				SWIFT_COMPILATION_MODE = wholemodule;
				SWIFT_EMIT_LOC_STRINGS = YES;
				VALIDATE_PRODUCT = YES;
			};
			name = Release;
		};
		C13CFD7B2C8E40F700E7800F /* Debug */ = {
			isa = XCBuildConfiguration;
			buildSettings = {
				ASSETCATALOG_COMPILER_APPICON_NAME = AppIcon;
				ASSETCATALOG_COMPILER_GLOBAL_ACCENT_COLOR_NAME = AccentColor;
				CODE_SIGN_STYLE = Automatic;
				CURRENT_PROJECT_VERSION = 1;
				DEVELOPMENT_TEAM = 93CLJN9JG4;
				GENERATE_INFOPLIST_FILE = YES;
				INFOPLIST_FILE = Tracker/Info.plist;
				INFOPLIST_KEY_UIApplicationSupportsIndirectInputEvents = YES;
				INFOPLIST_KEY_UILaunchStoryboardName = LaunchScreen;
				INFOPLIST_KEY_UISupportedInterfaceOrientations_iPad = "UIInterfaceOrientationPortrait UIInterfaceOrientationPortraitUpsideDown UIInterfaceOrientationLandscapeLeft UIInterfaceOrientationLandscapeRight";
				INFOPLIST_KEY_UISupportedInterfaceOrientations_iPhone = "UIInterfaceOrientationPortrait UIInterfaceOrientationLandscapeLeft UIInterfaceOrientationLandscapeRight";
				LD_RUNPATH_SEARCH_PATHS = (
					"$(inherited)",
					"@executable_path/Frameworks",
				);
				MARKETING_VERSION = 1.0;
				PRODUCT_BUNDLE_IDENTIFIER = practicum.Tracker;
				PRODUCT_NAME = "$(TARGET_NAME)";
				SWIFT_EMIT_LOC_STRINGS = YES;
				SWIFT_VERSION = 5.0;
				TARGETED_DEVICE_FAMILY = "1,2";
			};
			name = Debug;
		};
		C13CFD7C2C8E40F700E7800F /* Release */ = {
			isa = XCBuildConfiguration;
			buildSettings = {
				ASSETCATALOG_COMPILER_APPICON_NAME = AppIcon;
				ASSETCATALOG_COMPILER_GLOBAL_ACCENT_COLOR_NAME = AccentColor;
				CODE_SIGN_STYLE = Automatic;
				CURRENT_PROJECT_VERSION = 1;
				DEVELOPMENT_TEAM = 93CLJN9JG4;
				GENERATE_INFOPLIST_FILE = YES;
				INFOPLIST_FILE = Tracker/Info.plist;
				INFOPLIST_KEY_UIApplicationSupportsIndirectInputEvents = YES;
				INFOPLIST_KEY_UILaunchStoryboardName = LaunchScreen;
				INFOPLIST_KEY_UISupportedInterfaceOrientations_iPad = "UIInterfaceOrientationPortrait UIInterfaceOrientationPortraitUpsideDown UIInterfaceOrientationLandscapeLeft UIInterfaceOrientationLandscapeRight";
				INFOPLIST_KEY_UISupportedInterfaceOrientations_iPhone = "UIInterfaceOrientationPortrait UIInterfaceOrientationLandscapeLeft UIInterfaceOrientationLandscapeRight";
				LD_RUNPATH_SEARCH_PATHS = (
					"$(inherited)",
					"@executable_path/Frameworks",
				);
				MARKETING_VERSION = 1.0;
				PRODUCT_BUNDLE_IDENTIFIER = practicum.Tracker;
				PRODUCT_NAME = "$(TARGET_NAME)";
				SWIFT_EMIT_LOC_STRINGS = YES;
				SWIFT_VERSION = 5.0;
				TARGETED_DEVICE_FAMILY = "1,2";
			};
			name = Release;
		};
/* End XCBuildConfiguration section */

/* Begin XCConfigurationList section */
		C13CFD612C8E40F500E7800F /* Build configuration list for PBXProject "Tracker" */ = {
			isa = XCConfigurationList;
			buildConfigurations = (
				C13CFD782C8E40F700E7800F /* Debug */,
				C13CFD792C8E40F700E7800F /* Release */,
			);
			defaultConfigurationIsVisible = 0;
			defaultConfigurationName = Release;
		};
		C13CFD7A2C8E40F700E7800F /* Build configuration list for PBXNativeTarget "Tracker" */ = {
			isa = XCConfigurationList;
			buildConfigurations = (
				C13CFD7B2C8E40F700E7800F /* Debug */,
				C13CFD7C2C8E40F700E7800F /* Release */,
			);
			defaultConfigurationIsVisible = 0;
			defaultConfigurationName = Release;
		};
/* End XCConfigurationList section */
	};
	rootObject = C13CFD5E2C8E40F500E7800F /* Project object */;
}
