// !$*UTF8*$!
{
	archiveVersion = 1;
	classes = {
	};
	objectVersion = 56;
	objects = {

/* Begin PBXBuildFile section */
		C11ED2D72CDE414E006B5E86 /* EmojiCollectionViewCell.swift in Sources */ = {isa = PBXBuildFile; fileRef = C11ED2D62CDE414E006B5E86 /* EmojiCollectionViewCell.swift */; };
		C11ED2D82CDE414E006B5E86 /* ColorCollectionViewCell.swift in Sources */ = {isa = PBXBuildFile; fileRef = C11ED2D52CDE414E006B5E86 /* ColorCollectionViewCell.swift */; };
		C13498842CE3E50B00386883 /* TrackerHeaderReusableView.swift in Sources */ = {isa = PBXBuildFile; fileRef = C13498832CE3E50B00386883 /* TrackerHeaderReusableView.swift */; };
		C13CFD6A2C8E40F500E7800F /* AppDelegate.swift in Sources */ = {isa = PBXBuildFile; fileRef = C13CFD692C8E40F500E7800F /* AppDelegate.swift */; };
		C13CFD6C2C8E40F500E7800F /* SceneDelegate.swift in Sources */ = {isa = PBXBuildFile; fileRef = C13CFD6B2C8E40F500E7800F /* SceneDelegate.swift */; };
		C13E04C12C941ECF00B79C7C /* Tracker.swift in Sources */ = {isa = PBXBuildFile; fileRef = C13E04B52C941ECF00B79C7C /* Tracker.swift */; };
		C13E04C22C941ECF00B79C7C /* TrackerCategory.swift in Sources */ = {isa = PBXBuildFile; fileRef = C13E04B62C941ECF00B79C7C /* TrackerCategory.swift */; };
		C13E04C32C941ECF00B79C7C /* TrackerRecord.swift in Sources */ = {isa = PBXBuildFile; fileRef = C13E04B72C941ECF00B79C7C /* TrackerRecord.swift */; };
		C13E04C42C941ECF00B79C7C /* MainViewController.swift in Sources */ = {isa = PBXBuildFile; fileRef = C13E04B92C941ECF00B79C7C /* MainViewController.swift */; };
		C13E04C52C941ECF00B79C7C /* TrackerFormViewController.swift in Sources */ = {isa = PBXBuildFile; fileRef = C13E04BA2C941ECF00B79C7C /* TrackerFormViewController.swift */; };
		C13E04C62C941ECF00B79C7C /* ScheduleViewController.swift in Sources */ = {isa = PBXBuildFile; fileRef = C13E04BB2C941ECF00B79C7C /* ScheduleViewController.swift */; };
		C13E04C72C941ECF00B79C7C /* TrackersViewCell.swift in Sources */ = {isa = PBXBuildFile; fileRef = C13E04BC2C941ECF00B79C7C /* TrackersViewCell.swift */; };
		C13E04C82C941ECF00B79C7C /* TrackersViewController.swift in Sources */ = {isa = PBXBuildFile; fileRef = C13E04BD2C941ECF00B79C7C /* TrackersViewController.swift */; };
		C13E04C92C941ECF00B79C7C /* TrackerTypeSelectionViewController.swift in Sources */ = {isa = PBXBuildFile; fileRef = C13E04BE2C941ECF00B79C7C /* TrackerTypeSelectionViewController.swift */; };
		C13E04CA2C941ECF00B79C7C /* Weekday.swift in Sources */ = {isa = PBXBuildFile; fileRef = C13E04BF2C941ECF00B79C7C /* Weekday.swift */; };
		C13E04D02C941F0100B79C7C /* Assets.xcassets in Resources */ = {isa = PBXBuildFile; fileRef = C13E04CE2C941F0100B79C7C /* Assets.xcassets */; };
		C1505FB22CFF8A7D0004CA1E /* CategoryTableViewCell.swift in Sources */ = {isa = PBXBuildFile; fileRef = C1505FB02CFF8A7D0004CA1E /* CategoryTableViewCell.swift */; };
		C1505FB32CFF8A7D0004CA1E /* CategoryListViewController.swift in Sources */ = {isa = PBXBuildFile; fileRef = C1505FAB2CFF8A7D0004CA1E /* CategoryListViewController.swift */; };
		C1505FB42CFF8A7D0004CA1E /* CategoryViewModel.swift in Sources */ = {isa = PBXBuildFile; fileRef = C1505FAE2CFF8A7D0004CA1E /* CategoryViewModel.swift */; };
		C1505FBC2CFF99D20004CA1E /* WeekdayTableCell.swift in Sources */ = {isa = PBXBuildFile; fileRef = C1505FBB2CFF99D20004CA1E /* WeekdayTableCell.swift */; };
		C1505FBE2CFFA3B40004CA1E /* CategoryFormViewController.swift in Sources */ = {isa = PBXBuildFile; fileRef = C1505FBD2CFFA3B40004CA1E /* CategoryFormViewController.swift */; };
		C1505FEB2D005E2F0004CA1E /* OnboardingViewController.swift in Sources */ = {isa = PBXBuildFile; fileRef = C1505FCD2D005E2F0004CA1E /* OnboardingViewController.swift */; };
		C1505FEE2D005E2F0004CA1E /* OnboardingPageViewController.swift in Sources */ = {isa = PBXBuildFile; fileRef = C1505FCC2D005E2F0004CA1E /* OnboardingPageViewController.swift */; };
		C1505FF42D01D0400004CA1E /* FiltersViewController.swift in Sources */ = {isa = PBXBuildFile; fileRef = C1505FF32D01D0400004CA1E /* FiltersViewController.swift */; };
		C1505FF62D01D9C50004CA1E /* FilterTableViewCell.swift in Sources */ = {isa = PBXBuildFile; fileRef = C1505FF52D01D9C50004CA1E /* FilterTableViewCell.swift */; };
		C150601D2D01EC270004CA1E /* InlineSnapshotTesting in Frameworks */ = {isa = PBXBuildFile; productRef = C150601C2D01EC270004CA1E /* InlineSnapshotTesting */; };
		C150601F2D01EC270004CA1E /* SnapshotTesting in Frameworks */ = {isa = PBXBuildFile; productRef = C150601E2D01EC270004CA1E /* SnapshotTesting */; };
		C1CA54B82CB7DDAE0098090C /* Localizable.xcstrings in Resources */ = {isa = PBXBuildFile; fileRef = C1CA54B72CB7DDAE0098090C /* Localizable.xcstrings */; };
		C1CA54BA2CB7E98E0098090C /* UIConfigurable.swift in Sources */ = {isa = PBXBuildFile; fileRef = C1CA54B92CB7E98E0098090C /* UIConfigurable.swift */; };
		C1CA54BC2CB7ED010098090C /* TrackerType.swift in Sources */ = {isa = PBXBuildFile; fileRef = C1CA54BB2CB7ED010098090C /* TrackerType.swift */; };
		C1CA54BE2CB7EE410098090C /* CategoryHeaderView.swift in Sources */ = {isa = PBXBuildFile; fileRef = C1CA54BD2CB7EE410098090C /* CategoryHeaderView.swift */; };
		C1CF027B2D0202AD0074843C /* MetricaService.swift in Sources */ = {isa = PBXBuildFile; fileRef = C1CF02792D0202AD0074843C /* MetricaService.swift */; };
		C1EA073B2D0206C3009B0BB4 /* Pods_Tracker.framework in Frameworks */ = {isa = PBXBuildFile; fileRef = 8E137F574393AED7F8322269 /* Pods_Tracker.framework */; };
		C1EA073C2D0206C3009B0BB4 /* Pods_Tracker.framework in Embed Frameworks */ = {isa = PBXBuildFile; fileRef = 8E137F574393AED7F8322269 /* Pods_Tracker.framework */; settings = {ATTRIBUTES = (CodeSignOnCopy, RemoveHeadersOnCopy, ); }; };
		C1EA07412D020BD2009B0BB4 /* StatisticViewController.swift in Sources */ = {isa = PBXBuildFile; fileRef = C1EA07402D020BD2009B0BB4 /* StatisticViewController.swift */; };
		C1EED27C2CF4A23B00439475 /* CoreDataStack.swift in Sources */ = {isa = PBXBuildFile; fileRef = C1EED2762CF4A23B00439475 /* CoreDataStack.swift */; };
		C1EED2822CF4A2F300439475 /* TrackerCategoryStore.swift in Sources */ = {isa = PBXBuildFile; fileRef = C1EED27E2CF4A2F300439475 /* TrackerCategoryStore.swift */; };
		C1EED2832CF4A2F300439475 /* TrackerStore.swift in Sources */ = {isa = PBXBuildFile; fileRef = C1EED2802CF4A2F300439475 /* TrackerStore.swift */; };
		C1EED2842CF4A2F300439475 /* TrackerRecordStore.swift in Sources */ = {isa = PBXBuildFile; fileRef = C1EED27F2CF4A2F300439475 /* TrackerRecordStore.swift */; };
		C1EED2952CF4A62A00439475 /* TrackerCategory+Extension.swift in Sources */ = {isa = PBXBuildFile; fileRef = C1EED2942CF4A62200439475 /* TrackerCategory+Extension.swift */; };
		C1EED2972CF4A62C00439475 /* TrackerRecord+Extension.swift in Sources */ = {isa = PBXBuildFile; fileRef = C1EED2962CF4A62C00439475 /* TrackerRecord+Extension.swift */; };
		C1EED2992CF4A62F00439475 /* Tracker+Extension.swift in Sources */ = {isa = PBXBuildFile; fileRef = C1EED2982CF4A62F00439475 /* Tracker+Extension.swift */; };
		C1EED2A12CF4E25900439475 /* DataProvider.swift in Sources */ = {isa = PBXBuildFile; fileRef = C1EED2A02CF4E25900439475 /* DataProvider.swift */; };
		C1F18A992CF49BF3005210DD /* Model.xcdatamodeld in Sources */ = {isa = PBXBuildFile; fileRef = C1F18A972CF49BF3005210DD /* Model.xcdatamodeld */; };
		C1F409C02CB6B75300B2FF06 /* LaunchScreen.storyboard in Resources */ = {isa = PBXBuildFile; fileRef = C13E04CB2C941F0100B79C7C /* LaunchScreen.storyboard */; };
		CC17964F33AE8A7C964B2A1E /* Pods_TrackerTests.framework in Frameworks */ = {isa = PBXBuildFile; fileRef = 2342F94EC6EA44576F64CCFA /* Pods_TrackerTests.framework */; };
/* End PBXBuildFile section */

/* Begin PBXContainerItemProxy section */
		C15060152D01EB8D0004CA1E /* PBXContainerItemProxy */ = {
			isa = PBXContainerItemProxy;
			containerPortal = C13CFD5E2C8E40F500E7800F /* Project object */;
			proxyType = 1;
			remoteGlobalIDString = C13CFD652C8E40F500E7800F;
			remoteInfo = Tracker;
		};
/* End PBXContainerItemProxy section */

/* Begin PBXCopyFilesBuildPhase section */
		C1EA073D2D0206C3009B0BB4 /* Embed Frameworks */ = {
			isa = PBXCopyFilesBuildPhase;
			buildActionMask = 2147483647;
			dstPath = "";
			dstSubfolderSpec = 10;
			files = (
				C1EA073C2D0206C3009B0BB4 /* Pods_Tracker.framework in Embed Frameworks */,
			);
			name = "Embed Frameworks";
			runOnlyForDeploymentPostprocessing = 0;
		};
/* End PBXCopyFilesBuildPhase section */

/* Begin PBXFileReference section */
		2284BBE5AD3769CDD204B6BC /* Pods-Tracker.release.xcconfig */ = {isa = PBXFileReference; includeInIndex = 1; lastKnownFileType = text.xcconfig; name = "Pods-Tracker.release.xcconfig"; path = "Target Support Files/Pods-Tracker/Pods-Tracker.release.xcconfig"; sourceTree = "<group>"; };
		2342F94EC6EA44576F64CCFA /* Pods_TrackerTests.framework */ = {isa = PBXFileReference; explicitFileType = wrapper.framework; includeInIndex = 0; path = Pods_TrackerTests.framework; sourceTree = BUILT_PRODUCTS_DIR; };
		592993E03AB80FD8F3E23662 /* Pods-Tracker.debug.xcconfig */ = {isa = PBXFileReference; includeInIndex = 1; lastKnownFileType = text.xcconfig; name = "Pods-Tracker.debug.xcconfig"; path = "Target Support Files/Pods-Tracker/Pods-Tracker.debug.xcconfig"; sourceTree = "<group>"; };
		89D216DE38578D3530E21686 /* Pods-TrackerTests.release.xcconfig */ = {isa = PBXFileReference; includeInIndex = 1; lastKnownFileType = text.xcconfig; name = "Pods-TrackerTests.release.xcconfig"; path = "Target Support Files/Pods-TrackerTests/Pods-TrackerTests.release.xcconfig"; sourceTree = "<group>"; };
		8E137F574393AED7F8322269 /* Pods_Tracker.framework */ = {isa = PBXFileReference; explicitFileType = wrapper.framework; includeInIndex = 0; path = Pods_Tracker.framework; sourceTree = BUILT_PRODUCTS_DIR; };
		9169A92CBE37F6F37280F618 /* Pods-TrackerTests.debug.xcconfig */ = {isa = PBXFileReference; includeInIndex = 1; lastKnownFileType = text.xcconfig; name = "Pods-TrackerTests.debug.xcconfig"; path = "Target Support Files/Pods-TrackerTests/Pods-TrackerTests.debug.xcconfig"; sourceTree = "<group>"; };
		C11ED2D52CDE414E006B5E86 /* ColorCollectionViewCell.swift */ = {isa = PBXFileReference; lastKnownFileType = sourcecode.swift; path = ColorCollectionViewCell.swift; sourceTree = "<group>"; };
		C11ED2D62CDE414E006B5E86 /* EmojiCollectionViewCell.swift */ = {isa = PBXFileReference; lastKnownFileType = sourcecode.swift; path = EmojiCollectionViewCell.swift; sourceTree = "<group>"; };
		C13498832CE3E50B00386883 /* TrackerHeaderReusableView.swift */ = {isa = PBXFileReference; lastKnownFileType = sourcecode.swift; path = TrackerHeaderReusableView.swift; sourceTree = "<group>"; };
		C13CFD662C8E40F500E7800F /* Tracker.app */ = {isa = PBXFileReference; explicitFileType = wrapper.application; includeInIndex = 0; path = Tracker.app; sourceTree = BUILT_PRODUCTS_DIR; };
		C13CFD692C8E40F500E7800F /* AppDelegate.swift */ = {isa = PBXFileReference; lastKnownFileType = sourcecode.swift; path = AppDelegate.swift; sourceTree = "<group>"; };
		C13CFD6B2C8E40F500E7800F /* SceneDelegate.swift */ = {isa = PBXFileReference; lastKnownFileType = sourcecode.swift; path = SceneDelegate.swift; sourceTree = "<group>"; };
		C13CFD772C8E40F700E7800F /* Info.plist */ = {isa = PBXFileReference; lastKnownFileType = text.plist.xml; path = Info.plist; sourceTree = "<group>"; };
		C13E04B52C941ECF00B79C7C /* Tracker.swift */ = {isa = PBXFileReference; fileEncoding = 4; lastKnownFileType = sourcecode.swift; path = Tracker.swift; sourceTree = "<group>"; };
		C13E04B62C941ECF00B79C7C /* TrackerCategory.swift */ = {isa = PBXFileReference; fileEncoding = 4; lastKnownFileType = sourcecode.swift; path = TrackerCategory.swift; sourceTree = "<group>"; };
		C13E04B72C941ECF00B79C7C /* TrackerRecord.swift */ = {isa = PBXFileReference; fileEncoding = 4; lastKnownFileType = sourcecode.swift; path = TrackerRecord.swift; sourceTree = "<group>"; };
		C13E04B92C941ECF00B79C7C /* MainViewController.swift */ = {isa = PBXFileReference; fileEncoding = 4; lastKnownFileType = sourcecode.swift; path = MainViewController.swift; sourceTree = "<group>"; };
		C13E04BA2C941ECF00B79C7C /* TrackerFormViewController.swift */ = {isa = PBXFileReference; fileEncoding = 4; lastKnownFileType = sourcecode.swift; path = TrackerFormViewController.swift; sourceTree = "<group>"; };
		C13E04BB2C941ECF00B79C7C /* ScheduleViewController.swift */ = {isa = PBXFileReference; fileEncoding = 4; lastKnownFileType = sourcecode.swift; path = ScheduleViewController.swift; sourceTree = "<group>"; };
		C13E04BC2C941ECF00B79C7C /* TrackersViewCell.swift */ = {isa = PBXFileReference; fileEncoding = 4; lastKnownFileType = sourcecode.swift; path = TrackersViewCell.swift; sourceTree = "<group>"; };
		C13E04BD2C941ECF00B79C7C /* TrackersViewController.swift */ = {isa = PBXFileReference; fileEncoding = 4; lastKnownFileType = sourcecode.swift; path = TrackersViewController.swift; sourceTree = "<group>"; };
		C13E04BE2C941ECF00B79C7C /* TrackerTypeSelectionViewController.swift */ = {isa = PBXFileReference; fileEncoding = 4; lastKnownFileType = sourcecode.swift; path = TrackerTypeSelectionViewController.swift; sourceTree = "<group>"; };
		C13E04BF2C941ECF00B79C7C /* Weekday.swift */ = {isa = PBXFileReference; fileEncoding = 4; lastKnownFileType = sourcecode.swift; path = Weekday.swift; sourceTree = "<group>"; };
		C13E04CB2C941F0100B79C7C /* LaunchScreen.storyboard */ = {isa = PBXFileReference; lastKnownFileType = file.storyboard; path = LaunchScreen.storyboard; sourceTree = "<group>"; };
		C13E04CE2C941F0100B79C7C /* Assets.xcassets */ = {isa = PBXFileReference; lastKnownFileType = folder.assetcatalog; path = Assets.xcassets; sourceTree = "<group>"; };
		C1505FAB2CFF8A7D0004CA1E /* CategoryListViewController.swift */ = {isa = PBXFileReference; lastKnownFileType = sourcecode.swift; path = CategoryListViewController.swift; sourceTree = "<group>"; };
		C1505FAE2CFF8A7D0004CA1E /* CategoryViewModel.swift */ = {isa = PBXFileReference; lastKnownFileType = sourcecode.swift; path = CategoryViewModel.swift; sourceTree = "<group>"; };
		C1505FB02CFF8A7D0004CA1E /* CategoryTableViewCell.swift */ = {isa = PBXFileReference; lastKnownFileType = sourcecode.swift; path = CategoryTableViewCell.swift; sourceTree = "<group>"; };
		C1505FBB2CFF99D20004CA1E /* WeekdayTableCell.swift */ = {isa = PBXFileReference; lastKnownFileType = sourcecode.swift; path = WeekdayTableCell.swift; sourceTree = "<group>"; };
		C1505FBD2CFFA3B40004CA1E /* CategoryFormViewController.swift */ = {isa = PBXFileReference; lastKnownFileType = sourcecode.swift; path = CategoryFormViewController.swift; sourceTree = "<group>"; };
		C1505FCC2D005E2F0004CA1E /* OnboardingPageViewController.swift */ = {isa = PBXFileReference; lastKnownFileType = sourcecode.swift; path = OnboardingPageViewController.swift; sourceTree = "<group>"; };
		C1505FCD2D005E2F0004CA1E /* OnboardingViewController.swift */ = {isa = PBXFileReference; lastKnownFileType = sourcecode.swift; path = OnboardingViewController.swift; sourceTree = "<group>"; };
		C1505FF32D01D0400004CA1E /* FiltersViewController.swift */ = {isa = PBXFileReference; lastKnownFileType = sourcecode.swift; path = FiltersViewController.swift; sourceTree = "<group>"; };
		C1505FF52D01D9C50004CA1E /* FilterTableViewCell.swift */ = {isa = PBXFileReference; lastKnownFileType = sourcecode.swift; path = FilterTableViewCell.swift; sourceTree = "<group>"; };
		C15060112D01EB8D0004CA1E /* TrackerTests.xctest */ = {isa = PBXFileReference; explicitFileType = wrapper.cfbundle; includeInIndex = 0; path = TrackerTests.xctest; sourceTree = BUILT_PRODUCTS_DIR; };
		C1CA54B72CB7DDAE0098090C /* Localizable.xcstrings */ = {isa = PBXFileReference; lastKnownFileType = text.json.xcstrings; path = Localizable.xcstrings; sourceTree = "<group>"; };
		C1CA54B92CB7E98E0098090C /* UIConfigurable.swift */ = {isa = PBXFileReference; lastKnownFileType = sourcecode.swift; path = UIConfigurable.swift; sourceTree = "<group>"; };
		C1CA54BB2CB7ED010098090C /* TrackerType.swift */ = {isa = PBXFileReference; lastKnownFileType = sourcecode.swift; path = TrackerType.swift; sourceTree = "<group>"; };
		C1CA54BD2CB7EE410098090C /* CategoryHeaderView.swift */ = {isa = PBXFileReference; lastKnownFileType = sourcecode.swift; path = CategoryHeaderView.swift; sourceTree = "<group>"; };
		C1CF02792D0202AD0074843C /* MetricaService.swift */ = {isa = PBXFileReference; lastKnownFileType = sourcecode.swift; path = MetricaService.swift; sourceTree = "<group>"; };
		C1EA06F82D020638009B0BB4 /* AppMetricaCore.bundle */ = {isa = PBXFileReference; explicitFileType = wrapper.cfbundle; path = AppMetricaCore.bundle; sourceTree = BUILT_PRODUCTS_DIR; };
		C1EA06F92D020638009B0BB4 /* AppMetricaCore.framework */ = {isa = PBXFileReference; explicitFileType = wrapper.framework; path = AppMetricaCore.framework; sourceTree = BUILT_PRODUCTS_DIR; };
		C1EA06FA2D020638009B0BB4 /* AppMetricaCoreUtils.bundle */ = {isa = PBXFileReference; explicitFileType = wrapper.cfbundle; path = AppMetricaCoreUtils.bundle; sourceTree = BUILT_PRODUCTS_DIR; };
		C1EA06FB2D020638009B0BB4 /* AppMetricaCoreUtils.framework */ = {isa = PBXFileReference; explicitFileType = wrapper.framework; path = AppMetricaCoreUtils.framework; sourceTree = BUILT_PRODUCTS_DIR; };
		C1EA06FC2D020638009B0BB4 /* AppMetricaEncodingUtils.bundle */ = {isa = PBXFileReference; explicitFileType = wrapper.cfbundle; path = AppMetricaEncodingUtils.bundle; sourceTree = BUILT_PRODUCTS_DIR; };
		C1EA06FD2D020638009B0BB4 /* AppMetricaEncodingUtils.framework */ = {isa = PBXFileReference; explicitFileType = wrapper.framework; path = AppMetricaEncodingUtils.framework; sourceTree = BUILT_PRODUCTS_DIR; };
		C1EA06FE2D020638009B0BB4 /* AppMetricaFMDB.bundle */ = {isa = PBXFileReference; explicitFileType = wrapper.cfbundle; path = AppMetricaFMDB.bundle; sourceTree = BUILT_PRODUCTS_DIR; };
		C1EA06FF2D020638009B0BB4 /* AppMetricaFMDB.framework */ = {isa = PBXFileReference; explicitFileType = wrapper.framework; path = AppMetricaFMDB.framework; sourceTree = BUILT_PRODUCTS_DIR; };
		C1EA07002D020638009B0BB4 /* AppMetricaHostState.bundle */ = {isa = PBXFileReference; explicitFileType = wrapper.cfbundle; path = AppMetricaHostState.bundle; sourceTree = BUILT_PRODUCTS_DIR; };
		C1EA07012D020638009B0BB4 /* AppMetricaHostState.framework */ = {isa = PBXFileReference; explicitFileType = wrapper.framework; path = AppMetricaHostState.framework; sourceTree = BUILT_PRODUCTS_DIR; };
		C1EA07022D020638009B0BB4 /* AppMetricaLog.bundle */ = {isa = PBXFileReference; explicitFileType = wrapper.cfbundle; path = AppMetricaLog.bundle; sourceTree = BUILT_PRODUCTS_DIR; };
		C1EA07032D020638009B0BB4 /* AppMetricaLog.framework */ = {isa = PBXFileReference; explicitFileType = wrapper.framework; path = AppMetricaLog.framework; sourceTree = BUILT_PRODUCTS_DIR; };
		C1EA07042D020638009B0BB4 /* AppMetricaNetwork.bundle */ = {isa = PBXFileReference; explicitFileType = wrapper.cfbundle; path = AppMetricaNetwork.bundle; sourceTree = BUILT_PRODUCTS_DIR; };
		C1EA07052D020638009B0BB4 /* AppMetricaNetwork.framework */ = {isa = PBXFileReference; explicitFileType = wrapper.framework; path = AppMetricaNetwork.framework; sourceTree = BUILT_PRODUCTS_DIR; };
		C1EA07062D020638009B0BB4 /* AppMetricaPlatform.bundle */ = {isa = PBXFileReference; explicitFileType = wrapper.cfbundle; path = AppMetricaPlatform.bundle; sourceTree = BUILT_PRODUCTS_DIR; };
		C1EA07072D020638009B0BB4 /* AppMetricaPlatform.framework */ = {isa = PBXFileReference; explicitFileType = wrapper.framework; path = AppMetricaPlatform.framework; sourceTree = BUILT_PRODUCTS_DIR; };
		C1EA07082D020638009B0BB4 /* AppMetricaProtobuf.bundle */ = {isa = PBXFileReference; explicitFileType = wrapper.cfbundle; path = AppMetricaProtobuf.bundle; sourceTree = BUILT_PRODUCTS_DIR; };
		C1EA07092D020638009B0BB4 /* AppMetricaProtobuf.framework */ = {isa = PBXFileReference; explicitFileType = wrapper.framework; path = AppMetricaProtobuf.framework; sourceTree = BUILT_PRODUCTS_DIR; };
		C1EA070A2D020638009B0BB4 /* AppMetricaProtobufUtils.bundle */ = {isa = PBXFileReference; explicitFileType = wrapper.cfbundle; path = AppMetricaProtobufUtils.bundle; sourceTree = BUILT_PRODUCTS_DIR; };
		C1EA070B2D020638009B0BB4 /* AppMetricaProtobufUtils.framework */ = {isa = PBXFileReference; explicitFileType = wrapper.framework; path = AppMetricaProtobufUtils.framework; sourceTree = BUILT_PRODUCTS_DIR; };
		C1EA070C2D020638009B0BB4 /* AppMetricaStorageUtils.bundle */ = {isa = PBXFileReference; explicitFileType = wrapper.cfbundle; path = AppMetricaStorageUtils.bundle; sourceTree = BUILT_PRODUCTS_DIR; };
		C1EA070D2D020638009B0BB4 /* AppMetricaStorageUtils.framework */ = {isa = PBXFileReference; explicitFileType = wrapper.framework; path = AppMetricaStorageUtils.framework; sourceTree = BUILT_PRODUCTS_DIR; };
		C1EA07312D0206AA009B0BB4 /* AppMetricaCore.framework */ = {isa = PBXFileReference; explicitFileType = wrapper.framework; path = AppMetricaCore.framework; sourceTree = BUILT_PRODUCTS_DIR; };
		C1EA07402D020BD2009B0BB4 /* StatisticViewController.swift */ = {isa = PBXFileReference; lastKnownFileType = sourcecode.swift; path = StatisticViewController.swift; sourceTree = "<group>"; };
		C1EED2762CF4A23B00439475 /* CoreDataStack.swift */ = {isa = PBXFileReference; lastKnownFileType = sourcecode.swift; path = CoreDataStack.swift; sourceTree = "<group>"; };
		C1EED27E2CF4A2F300439475 /* TrackerCategoryStore.swift */ = {isa = PBXFileReference; lastKnownFileType = sourcecode.swift; path = TrackerCategoryStore.swift; sourceTree = "<group>"; };
		C1EED27F2CF4A2F300439475 /* TrackerRecordStore.swift */ = {isa = PBXFileReference; lastKnownFileType = sourcecode.swift; path = TrackerRecordStore.swift; sourceTree = "<group>"; };
		C1EED2802CF4A2F300439475 /* TrackerStore.swift */ = {isa = PBXFileReference; lastKnownFileType = sourcecode.swift; path = TrackerStore.swift; sourceTree = "<group>"; };
		C1EED2942CF4A62200439475 /* TrackerCategory+Extension.swift */ = {isa = PBXFileReference; lastKnownFileType = sourcecode.swift; path = "TrackerCategory+Extension.swift"; sourceTree = "<group>"; };
		C1EED2962CF4A62C00439475 /* TrackerRecord+Extension.swift */ = {isa = PBXFileReference; lastKnownFileType = sourcecode.swift; path = "TrackerRecord+Extension.swift"; sourceTree = "<group>"; };
		C1EED2982CF4A62F00439475 /* Tracker+Extension.swift */ = {isa = PBXFileReference; lastKnownFileType = sourcecode.swift; path = "Tracker+Extension.swift"; sourceTree = "<group>"; };
		C1EED2A02CF4E25900439475 /* DataProvider.swift */ = {isa = PBXFileReference; lastKnownFileType = sourcecode.swift; path = DataProvider.swift; sourceTree = "<group>"; };
		C1F18A982CF49BF3005210DD /* Model.xcdatamodel */ = {isa = PBXFileReference; lastKnownFileType = wrapper.xcdatamodel; path = Model.xcdatamodel; sourceTree = "<group>"; };
/* End PBXFileReference section */

/* Begin PBXFileSystemSynchronizedRootGroup section */
		C15060122D01EB8D0004CA1E /* TrackerTests */ = {isa = PBXFileSystemSynchronizedRootGroup; explicitFileTypes = {}; explicitFolders = (); path = TrackerTests; sourceTree = "<group>"; };
/* End PBXFileSystemSynchronizedRootGroup section */

/* Begin PBXFrameworksBuildPhase section */
		C13CFD632C8E40F500E7800F /* Frameworks */ = {
			isa = PBXFrameworksBuildPhase;
			buildActionMask = 2147483647;
			files = (
				C1EA073B2D0206C3009B0BB4 /* Pods_Tracker.framework in Frameworks */,
			);
			runOnlyForDeploymentPostprocessing = 0;
		};
		C150600E2D01EB8D0004CA1E /* Frameworks */ = {
			isa = PBXFrameworksBuildPhase;
			buildActionMask = 2147483647;
			files = (
				C150601D2D01EC270004CA1E /* InlineSnapshotTesting in Frameworks */,
				C150601F2D01EC270004CA1E /* SnapshotTesting in Frameworks */,
				CC17964F33AE8A7C964B2A1E /* Pods_TrackerTests.framework in Frameworks */,
			);
			runOnlyForDeploymentPostprocessing = 0;
		};
/* End PBXFrameworksBuildPhase section */

/* Begin PBXGroup section */
		C13CFD5D2C8E40F500E7800F = {
			isa = PBXGroup;
			children = (
				C13CFD682C8E40F500E7800F /* Tracker */,
				C15060122D01EB8D0004CA1E /* TrackerTests */,
				C13CFD672C8E40F500E7800F /* Products */,
				D49020A2C4EE378CE752EA61 /* Pods */,
				C1DF58F74C211854DE9859F0 /* Frameworks */,
			);
			sourceTree = "<group>";
		};
		C13CFD672C8E40F500E7800F /* Products */ = {
			isa = PBXGroup;
			children = (
				C13CFD662C8E40F500E7800F /* Tracker.app */,
				C15060112D01EB8D0004CA1E /* TrackerTests.xctest */,
			);
			name = Products;
			sourceTree = "<group>";
		};
		C13CFD682C8E40F500E7800F /* Tracker */ = {
			isa = PBXGroup;
			children = (
				C1505FB72CFF8C750004CA1E /* Domain */,
				C1505FB82CFF8C7B0004CA1E /* Infrastructure */,
				C13E04C02C941ECF00B79C7C /* Presentation */,
				C13CFD692C8E40F500E7800F /* AppDelegate.swift */,
				C13CFD6B2C8E40F500E7800F /* SceneDelegate.swift */,
				C13CFD772C8E40F700E7800F /* Info.plist */,
			);
			path = Tracker;
			sourceTree = "<group>";
		};
		C13E04B82C941ECF00B79C7C /* Models */ = {
			isa = PBXGroup;
			children = (
				C13E04B52C941ECF00B79C7C /* Tracker.swift */,
				C13E04B62C941ECF00B79C7C /* TrackerCategory.swift */,
				C13E04B72C941ECF00B79C7C /* TrackerRecord.swift */,
				C13E04BF2C941ECF00B79C7C /* Weekday.swift */,
			);
			path = Models;
			sourceTree = "<group>";
		};
		C13E04C02C941ECF00B79C7C /* Presentation */ = {
			isa = PBXGroup;
			children = (
				C1505FAD2CFF8A7D0004CA1E /* ViewControllers */,
				C1505FAF2CFF8A7D0004CA1E /* ViewModels */,
				C1505FB12CFF8A7D0004CA1E /* Views */,
				C1505FB62CFF8BE70004CA1E /* Utils */,
				C1505FBA2CFF8CB30004CA1E /* Resources */,
			);
			path = Presentation;
			sourceTree = "<group>";
		};
		C1505FAD2CFF8A7D0004CA1E /* ViewControllers */ = {
			isa = PBXGroup;
			children = (
				C1505FF32D01D0400004CA1E /* FiltersViewController.swift */,
				C1505FCC2D005E2F0004CA1E /* OnboardingPageViewController.swift */,
				C1505FCD2D005E2F0004CA1E /* OnboardingViewController.swift */,
				C13E04B92C941ECF00B79C7C /* MainViewController.swift */,
				C1505FAB2CFF8A7D0004CA1E /* CategoryListViewController.swift */,
				C1505FBD2CFFA3B40004CA1E /* CategoryFormViewController.swift */,
				C13E04BB2C941ECF00B79C7C /* ScheduleViewController.swift */,
				C13E04BA2C941ECF00B79C7C /* TrackerFormViewController.swift */,
				C13E04BE2C941ECF00B79C7C /* TrackerTypeSelectionViewController.swift */,
				C13E04BD2C941ECF00B79C7C /* TrackersViewController.swift */,
				C1EA07402D020BD2009B0BB4 /* StatisticViewController.swift */,
			);
			path = ViewControllers;
			sourceTree = "<group>";
		};
		C1505FAF2CFF8A7D0004CA1E /* ViewModels */ = {
			isa = PBXGroup;
			children = (
				C1505FAE2CFF8A7D0004CA1E /* CategoryViewModel.swift */,
			);
			path = ViewModels;
			sourceTree = "<group>";
		};
		C1505FB12CFF8A7D0004CA1E /* Views */ = {
			isa = PBXGroup;
			children = (
				C1505FF52D01D9C50004CA1E /* FilterTableViewCell.swift */,
				C1505FBB2CFF99D20004CA1E /* WeekdayTableCell.swift */,
				C1505FB02CFF8A7D0004CA1E /* CategoryTableViewCell.swift */,
				C13498832CE3E50B00386883 /* TrackerHeaderReusableView.swift */,
				C1CA54BD2CB7EE410098090C /* CategoryHeaderView.swift */,
				C11ED2D52CDE414E006B5E86 /* ColorCollectionViewCell.swift */,
				C11ED2D62CDE414E006B5E86 /* EmojiCollectionViewCell.swift */,
				C13E04BC2C941ECF00B79C7C /* TrackersViewCell.swift */,
			);
			path = Views;
			sourceTree = "<group>";
		};
		C1505FB62CFF8BE70004CA1E /* Utils */ = {
			isa = PBXGroup;
			children = (
				C1CA54BB2CB7ED010098090C /* TrackerType.swift */,
				C1CA54B92CB7E98E0098090C /* UIConfigurable.swift */,
			);
			path = Utils;
			sourceTree = "<group>";
		};
		C1505FB72CFF8C750004CA1E /* Domain */ = {
			isa = PBXGroup;
			children = (
				C13E04B82C941ECF00B79C7C /* Models */,
			);
			path = Domain;
			sourceTree = "<group>";
		};
		C1505FB82CFF8C7B0004CA1E /* Infrastructure */ = {
			isa = PBXGroup;
			children = (
				C1F18A952CF49BBE005210DD /* CoreData */,
				C1CF027A2D0202AD0074843C /* Services */,
			);
			path = Infrastructure;
			sourceTree = "<group>";
		};
		C1505FBA2CFF8CB30004CA1E /* Resources */ = {
			isa = PBXGroup;
			children = (
				C13E04CB2C941F0100B79C7C /* LaunchScreen.storyboard */,
				C13E04CE2C941F0100B79C7C /* Assets.xcassets */,
				C1CA54B72CB7DDAE0098090C /* Localizable.xcstrings */,
			);
			path = Resources;
			sourceTree = "<group>";
		};
		C1CF027A2D0202AD0074843C /* Services */ = {
			isa = PBXGroup;
			children = (
				C1CF02792D0202AD0074843C /* MetricaService.swift */,
			);
			path = Services;
			sourceTree = "<group>";
		};
		C1DF58F74C211854DE9859F0 /* Frameworks */ = {
			isa = PBXGroup;
			children = (
				C1EA07312D0206AA009B0BB4 /* AppMetricaCore.framework */,
				C1EA06F82D020638009B0BB4 /* AppMetricaCore.bundle */,
				C1EA06F92D020638009B0BB4 /* AppMetricaCore.framework */,
				C1EA06FA2D020638009B0BB4 /* AppMetricaCoreUtils.bundle */,
				C1EA06FB2D020638009B0BB4 /* AppMetricaCoreUtils.framework */,
				C1EA06FC2D020638009B0BB4 /* AppMetricaEncodingUtils.bundle */,
				C1EA06FD2D020638009B0BB4 /* AppMetricaEncodingUtils.framework */,
				C1EA06FE2D020638009B0BB4 /* AppMetricaFMDB.bundle */,
				C1EA06FF2D020638009B0BB4 /* AppMetricaFMDB.framework */,
				C1EA07002D020638009B0BB4 /* AppMetricaHostState.bundle */,
				C1EA07012D020638009B0BB4 /* AppMetricaHostState.framework */,
				C1EA07022D020638009B0BB4 /* AppMetricaLog.bundle */,
				C1EA07032D020638009B0BB4 /* AppMetricaLog.framework */,
				C1EA07042D020638009B0BB4 /* AppMetricaNetwork.bundle */,
				C1EA07052D020638009B0BB4 /* AppMetricaNetwork.framework */,
				C1EA07062D020638009B0BB4 /* AppMetricaPlatform.bundle */,
				C1EA07072D020638009B0BB4 /* AppMetricaPlatform.framework */,
				C1EA07082D020638009B0BB4 /* AppMetricaProtobuf.bundle */,
				C1EA07092D020638009B0BB4 /* AppMetricaProtobuf.framework */,
				C1EA070A2D020638009B0BB4 /* AppMetricaProtobufUtils.bundle */,
				C1EA070B2D020638009B0BB4 /* AppMetricaProtobufUtils.framework */,
				C1EA070C2D020638009B0BB4 /* AppMetricaStorageUtils.bundle */,
				C1EA070D2D020638009B0BB4 /* AppMetricaStorageUtils.framework */,
				8E137F574393AED7F8322269 /* Pods_Tracker.framework */,
				2342F94EC6EA44576F64CCFA /* Pods_TrackerTests.framework */,
			);
			name = Frameworks;
			sourceTree = "<group>";
		};
		C1EED2812CF4A2F300439475 /* Stores */ = {
			isa = PBXGroup;
			children = (
				C1EED27E2CF4A2F300439475 /* TrackerCategoryStore.swift */,
				C1EED27F2CF4A2F300439475 /* TrackerRecordStore.swift */,
				C1EED2802CF4A2F300439475 /* TrackerStore.swift */,
			);
			path = Stores;
			sourceTree = "<group>";
		};
		C1EED2932CF4A60800439475 /* Extensions */ = {
			isa = PBXGroup;
			children = (
				C1EED2942CF4A62200439475 /* TrackerCategory+Extension.swift */,
				C1EED2962CF4A62C00439475 /* TrackerRecord+Extension.swift */,
				C1EED2982CF4A62F00439475 /* Tracker+Extension.swift */,
			);
			path = Extensions;
			sourceTree = "<group>";
		};
		C1F18A952CF49BBE005210DD /* CoreData */ = {
			isa = PBXGroup;
			children = (
				C1F18A972CF49BF3005210DD /* Model.xcdatamodeld */,
				C1EED2762CF4A23B00439475 /* CoreDataStack.swift */,
				C1EED2A02CF4E25900439475 /* DataProvider.swift */,
				C1EED2812CF4A2F300439475 /* Stores */,
				C1EED2932CF4A60800439475 /* Extensions */,
			);
			path = CoreData;
			sourceTree = "<group>";
		};
		D49020A2C4EE378CE752EA61 /* Pods */ = {
			isa = PBXGroup;
			children = (
				592993E03AB80FD8F3E23662 /* Pods-Tracker.debug.xcconfig */,
				2284BBE5AD3769CDD204B6BC /* Pods-Tracker.release.xcconfig */,
				9169A92CBE37F6F37280F618 /* Pods-TrackerTests.debug.xcconfig */,
				89D216DE38578D3530E21686 /* Pods-TrackerTests.release.xcconfig */,
			);
			path = Pods;
			sourceTree = "<group>";
		};
/* End PBXGroup section */

/* Begin PBXNativeTarget section */
		C13CFD652C8E40F500E7800F /* Tracker */ = {
			isa = PBXNativeTarget;
			buildConfigurationList = C13CFD7A2C8E40F700E7800F /* Build configuration list for PBXNativeTarget "Tracker" */;
			buildPhases = (
				B9852DD03CABE8E39B236982 /* [CP] Check Pods Manifest.lock */,
				C13CFD622C8E40F500E7800F /* Sources */,
				C13CFD632C8E40F500E7800F /* Frameworks */,
				C13CFD642C8E40F500E7800F /* Resources */,
				74A5F07D2F27E73C7B3D0C03 /* [CP] Embed Pods Frameworks */,
				C1EA073D2D0206C3009B0BB4 /* Embed Frameworks */,
			);
			buildRules = (
			);
			dependencies = (
			);
			name = Tracker;
			productName = Tracker;
			productReference = C13CFD662C8E40F500E7800F /* Tracker.app */;
			productType = "com.apple.product-type.application";
		};
		C15060102D01EB8D0004CA1E /* TrackerTests */ = {
			isa = PBXNativeTarget;
			buildConfigurationList = C15060172D01EB8D0004CA1E /* Build configuration list for PBXNativeTarget "TrackerTests" */;
			buildPhases = (
				5688D9BB54295D7D60522B96 /* [CP] Check Pods Manifest.lock */,
				C150600D2D01EB8D0004CA1E /* Sources */,
				C150600E2D01EB8D0004CA1E /* Frameworks */,
				C150600F2D01EB8D0004CA1E /* Resources */,
			);
			buildRules = (
			);
			dependencies = (
				C15060162D01EB8D0004CA1E /* PBXTargetDependency */,
			);
			fileSystemSynchronizedGroups = (
				C15060122D01EB8D0004CA1E /* TrackerTests */,
			);
			name = TrackerTests;
			packageProductDependencies = (
				C150601C2D01EC270004CA1E /* InlineSnapshotTesting */,
				C150601E2D01EC270004CA1E /* SnapshotTesting */,
			);
			productName = TrackerTests;
			productReference = C15060112D01EB8D0004CA1E /* TrackerTests.xctest */;
			productType = "com.apple.product-type.bundle.unit-test";
		};
/* End PBXNativeTarget section */

/* Begin PBXProject section */
		C13CFD5E2C8E40F500E7800F /* Project object */ = {
			isa = PBXProject;
			attributes = {
				BuildIndependentTargetsInParallel = 1;
				LastSwiftUpdateCheck = 1610;
				LastUpgradeCheck = 1610;
				TargetAttributes = {
					C13CFD652C8E40F500E7800F = {
						CreatedOnToolsVersion = 15.4;
					};
					C15060102D01EB8D0004CA1E = {
						CreatedOnToolsVersion = 16.1;
						TestTargetID = C13CFD652C8E40F500E7800F;
					};
				};
			};
			buildConfigurationList = C13CFD612C8E40F500E7800F /* Build configuration list for PBXProject "Tracker" */;
			compatibilityVersion = "Xcode 14.0";
			developmentRegion = en;
			hasScannedForEncodings = 0;
			knownRegions = (
				en,
				Base,
				ru,
			);
			mainGroup = C13CFD5D2C8E40F500E7800F;
			packageReferences = (
				C150601A2D01EBB00004CA1E /* XCRemoteSwiftPackageReference "swift-snapshot-testing" */,
			);
			productRefGroup = C13CFD672C8E40F500E7800F /* Products */;
			projectDirPath = "";
			projectRoot = "";
			targets = (
				C13CFD652C8E40F500E7800F /* Tracker */,
				C15060102D01EB8D0004CA1E /* TrackerTests */,
			);
		};
/* End PBXProject section */

/* Begin PBXResourcesBuildPhase section */
		C13CFD642C8E40F500E7800F /* Resources */ = {
			isa = PBXResourcesBuildPhase;
			buildActionMask = 2147483647;
			files = (
				C13E04D02C941F0100B79C7C /* Assets.xcassets in Resources */,
				C1F409C02CB6B75300B2FF06 /* LaunchScreen.storyboard in Resources */,
				C1CA54B82CB7DDAE0098090C /* Localizable.xcstrings in Resources */,
			);
			runOnlyForDeploymentPostprocessing = 0;
		};
		C150600F2D01EB8D0004CA1E /* Resources */ = {
			isa = PBXResourcesBuildPhase;
			buildActionMask = 2147483647;
			files = (
			);
			runOnlyForDeploymentPostprocessing = 0;
		};
/* End PBXResourcesBuildPhase section */

/* Begin PBXShellScriptBuildPhase section */
		5688D9BB54295D7D60522B96 /* [CP] Check Pods Manifest.lock */ = {
			isa = PBXShellScriptBuildPhase;
			buildActionMask = 2147483647;
			files = (
			);
			inputFileListPaths = (
			);
			inputPaths = (
				"${PODS_PODFILE_DIR_PATH}/Podfile.lock",
				"${PODS_ROOT}/Manifest.lock",
			);
			name = "[CP] Check Pods Manifest.lock";
			outputFileListPaths = (
			);
			outputPaths = (
				"$(DERIVED_FILE_DIR)/Pods-TrackerTests-checkManifestLockResult.txt",
			);
			runOnlyForDeploymentPostprocessing = 0;
			shellPath = /bin/sh;
			shellScript = "diff \"${PODS_PODFILE_DIR_PATH}/Podfile.lock\" \"${PODS_ROOT}/Manifest.lock\" > /dev/null\nif [ $? != 0 ] ; then\n    # print error to STDERR\n    echo \"error: The sandbox is not in sync with the Podfile.lock. Run 'pod install' or update your CocoaPods installation.\" >&2\n    exit 1\nfi\n# This output is used by Xcode 'outputs' to avoid re-running this script phase.\necho \"SUCCESS\" > \"${SCRIPT_OUTPUT_FILE_0}\"\n";
			showEnvVarsInLog = 0;
		};
		74A5F07D2F27E73C7B3D0C03 /* [CP] Embed Pods Frameworks */ = {
			isa = PBXShellScriptBuildPhase;
			buildActionMask = 2147483647;
			files = (
			);
			inputFileListPaths = (
				"${PODS_ROOT}/Target Support Files/Pods-Tracker/Pods-Tracker-frameworks-${CONFIGURATION}-input-files.xcfilelist",
			);
			name = "[CP] Embed Pods Frameworks";
			outputFileListPaths = (
				"${PODS_ROOT}/Target Support Files/Pods-Tracker/Pods-Tracker-frameworks-${CONFIGURATION}-output-files.xcfilelist",
			);
			runOnlyForDeploymentPostprocessing = 0;
			shellPath = /bin/sh;
			shellScript = "\"${PODS_ROOT}/Target Support Files/Pods-Tracker/Pods-Tracker-frameworks.sh\"\n";
			showEnvVarsInLog = 0;
		};
		B9852DD03CABE8E39B236982 /* [CP] Check Pods Manifest.lock */ = {
			isa = PBXShellScriptBuildPhase;
			buildActionMask = 2147483647;
			files = (
			);
			inputFileListPaths = (
			);
			inputPaths = (
				"${PODS_PODFILE_DIR_PATH}/Podfile.lock",
				"${PODS_ROOT}/Manifest.lock",
			);
			name = "[CP] Check Pods Manifest.lock";
			outputFileListPaths = (
			);
			outputPaths = (
				"$(DERIVED_FILE_DIR)/Pods-Tracker-checkManifestLockResult.txt",
			);
			runOnlyForDeploymentPostprocessing = 0;
			shellPath = /bin/sh;
			shellScript = "diff \"${PODS_PODFILE_DIR_PATH}/Podfile.lock\" \"${PODS_ROOT}/Manifest.lock\" > /dev/null\nif [ $? != 0 ] ; then\n    # print error to STDERR\n    echo \"error: The sandbox is not in sync with the Podfile.lock. Run 'pod install' or update your CocoaPods installation.\" >&2\n    exit 1\nfi\n# This output is used by Xcode 'outputs' to avoid re-running this script phase.\necho \"SUCCESS\" > \"${SCRIPT_OUTPUT_FILE_0}\"\n";
			showEnvVarsInLog = 0;
		};
/* End PBXShellScriptBuildPhase section */

/* Begin PBXSourcesBuildPhase section */
		C13CFD622C8E40F500E7800F /* Sources */ = {
			isa = PBXSourcesBuildPhase;
			buildActionMask = 2147483647;
			files = (
				C13E04C32C941ECF00B79C7C /* TrackerRecord.swift in Sources */,
				C11ED2D72CDE414E006B5E86 /* EmojiCollectionViewCell.swift in Sources */,
				C11ED2D82CDE414E006B5E86 /* ColorCollectionViewCell.swift in Sources */,
				C1CA54BE2CB7EE410098090C /* CategoryHeaderView.swift in Sources */,
				C1CA54BA2CB7E98E0098090C /* UIConfigurable.swift in Sources */,
				C13E04C72C941ECF00B79C7C /* TrackersViewCell.swift in Sources */,
				C1CF027B2D0202AD0074843C /* MetricaService.swift in Sources */,
				C1EED2A12CF4E25900439475 /* DataProvider.swift in Sources */,
				C1EED2992CF4A62F00439475 /* Tracker+Extension.swift in Sources */,
				C1505FBE2CFFA3B40004CA1E /* CategoryFormViewController.swift in Sources */,
				C1505FF62D01D9C50004CA1E /* FilterTableViewCell.swift in Sources */,
				C1505FF42D01D0400004CA1E /* FiltersViewController.swift in Sources */,
				C13E04CA2C941ECF00B79C7C /* Weekday.swift in Sources */,
				C1505FBC2CFF99D20004CA1E /* WeekdayTableCell.swift in Sources */,
				C1F18A992CF49BF3005210DD /* Model.xcdatamodeld in Sources */,
				C1EED27C2CF4A23B00439475 /* CoreDataStack.swift in Sources */,
				C1CA54BC2CB7ED010098090C /* TrackerType.swift in Sources */,
				C13E04C12C941ECF00B79C7C /* Tracker.swift in Sources */,
				C13498842CE3E50B00386883 /* TrackerHeaderReusableView.swift in Sources */,
				C1EED2972CF4A62C00439475 /* TrackerRecord+Extension.swift in Sources */,
				C1505FB22CFF8A7D0004CA1E /* CategoryTableViewCell.swift in Sources */,
				C1505FB32CFF8A7D0004CA1E /* CategoryListViewController.swift in Sources */,
				C1505FB42CFF8A7D0004CA1E /* CategoryViewModel.swift in Sources */,
				C1EA07412D020BD2009B0BB4 /* StatisticViewController.swift in Sources */,
				C13E04C52C941ECF00B79C7C /* TrackerFormViewController.swift in Sources */,
				C13E04C62C941ECF00B79C7C /* ScheduleViewController.swift in Sources */,
				C13CFD6A2C8E40F500E7800F /* AppDelegate.swift in Sources */,
				C1505FEB2D005E2F0004CA1E /* OnboardingViewController.swift in Sources */,
				C1505FEE2D005E2F0004CA1E /* OnboardingPageViewController.swift in Sources */,
				C13E04C42C941ECF00B79C7C /* MainViewController.swift in Sources */,
				C1EED2822CF4A2F300439475 /* TrackerCategoryStore.swift in Sources */,
				C1EED2832CF4A2F300439475 /* TrackerStore.swift in Sources */,
				C1EED2842CF4A2F300439475 /* TrackerRecordStore.swift in Sources */,
				C13E04C82C941ECF00B79C7C /* TrackersViewController.swift in Sources */,
				C1EED2952CF4A62A00439475 /* TrackerCategory+Extension.swift in Sources */,
				C13E04C22C941ECF00B79C7C /* TrackerCategory.swift in Sources */,
				C13CFD6C2C8E40F500E7800F /* SceneDelegate.swift in Sources */,
				C13E04C92C941ECF00B79C7C /* TrackerTypeSelectionViewController.swift in Sources */,
			);
			runOnlyForDeploymentPostprocessing = 0;
		};
		C150600D2D01EB8D0004CA1E /* Sources */ = {
			isa = PBXSourcesBuildPhase;
			buildActionMask = 2147483647;
			files = (
			);
			runOnlyForDeploymentPostprocessing = 0;
		};
/* End PBXSourcesBuildPhase section */

/* Begin PBXTargetDependency section */
		C15060162D01EB8D0004CA1E /* PBXTargetDependency */ = {
			isa = PBXTargetDependency;
			target = C13CFD652C8E40F500E7800F /* Tracker */;
			targetProxy = C15060152D01EB8D0004CA1E /* PBXContainerItemProxy */;
		};
/* End PBXTargetDependency section */

/* Begin XCBuildConfiguration section */
		C13CFD782C8E40F700E7800F /* Debug */ = {
			isa = XCBuildConfiguration;
			buildSettings = {
				ALWAYS_SEARCH_USER_PATHS = NO;
				ASSETCATALOG_COMPILER_GENERATE_SWIFT_ASSET_SYMBOL_EXTENSIONS = YES;
				CLANG_ANALYZER_LOCALIZABILITY_NONLOCALIZED = YES;
				CLANG_ANALYZER_NONNULL = YES;
				CLANG_ANALYZER_NUMBER_OBJECT_CONVERSION = YES_AGGRESSIVE;
				CLANG_CXX_LANGUAGE_STANDARD = "gnu++20";
				CLANG_ENABLE_MODULES = YES;
				CLANG_ENABLE_OBJC_ARC = YES;
				CLANG_ENABLE_OBJC_WEAK = YES;
				CLANG_WARN_BLOCK_CAPTURE_AUTORELEASING = YES;
				CLANG_WARN_BOOL_CONVERSION = YES;
				CLANG_WARN_COMMA = YES;
				CLANG_WARN_CONSTANT_CONVERSION = YES;
				CLANG_WARN_DEPRECATED_OBJC_IMPLEMENTATIONS = YES;
				CLANG_WARN_DIRECT_OBJC_ISA_USAGE = YES_ERROR;
				CLANG_WARN_DOCUMENTATION_COMMENTS = YES;
				CLANG_WARN_EMPTY_BODY = YES;
				CLANG_WARN_ENUM_CONVERSION = YES;
				CLANG_WARN_INFINITE_RECURSION = YES;
				CLANG_WARN_INT_CONVERSION = YES;
				CLANG_WARN_NON_LITERAL_NULL_CONVERSION = YES;
				CLANG_WARN_OBJC_IMPLICIT_RETAIN_SELF = YES;
				CLANG_WARN_OBJC_LITERAL_CONVERSION = YES;
				CLANG_WARN_OBJC_ROOT_CLASS = YES_ERROR;
				CLANG_WARN_QUOTED_INCLUDE_IN_FRAMEWORK_HEADER = YES;
				CLANG_WARN_RANGE_LOOP_ANALYSIS = YES;
				CLANG_WARN_STRICT_PROTOTYPES = YES;
				CLANG_WARN_SUSPICIOUS_MOVE = YES;
				CLANG_WARN_UNGUARDED_AVAILABILITY = YES_AGGRESSIVE;
				CLANG_WARN_UNREACHABLE_CODE = YES;
				CLANG_WARN__DUPLICATE_METHOD_MATCH = YES;
				COPY_PHASE_STRIP = NO;
				DEBUG_INFORMATION_FORMAT = dwarf;
				ENABLE_STRICT_OBJC_MSGSEND = YES;
				ENABLE_TESTABILITY = YES;
				ENABLE_USER_SCRIPT_SANDBOXING = YES;
				GCC_C_LANGUAGE_STANDARD = gnu17;
				GCC_DYNAMIC_NO_PIC = NO;
				GCC_NO_COMMON_BLOCKS = YES;
				GCC_OPTIMIZATION_LEVEL = 0;
				GCC_PREPROCESSOR_DEFINITIONS = (
					"DEBUG=1",
					"$(inherited)",
				);
				GCC_WARN_64_TO_32_BIT_CONVERSION = YES;
				GCC_WARN_ABOUT_RETURN_TYPE = YES_ERROR;
				GCC_WARN_UNDECLARED_SELECTOR = YES;
				GCC_WARN_UNINITIALIZED_AUTOS = YES_AGGRESSIVE;
				GCC_WARN_UNUSED_FUNCTION = YES;
				GCC_WARN_UNUSED_VARIABLE = YES;
				IPHONEOS_DEPLOYMENT_TARGET = 13.4;
				LOCALIZATION_PREFERS_STRING_CATALOGS = YES;
				MTL_ENABLE_DEBUG_INFO = INCLUDE_SOURCE;
				MTL_FAST_MATH = YES;
				ONLY_ACTIVE_ARCH = YES;
				SDKROOT = iphoneos;
				SWIFT_ACTIVE_COMPILATION_CONDITIONS = "DEBUG $(inherited)";
				SWIFT_EMIT_LOC_STRINGS = YES;
				SWIFT_OPTIMIZATION_LEVEL = "-Onone";
			};
			name = Debug;
		};
		C13CFD792C8E40F700E7800F /* Release */ = {
			isa = XCBuildConfiguration;
			buildSettings = {
				ALWAYS_SEARCH_USER_PATHS = NO;
				ASSETCATALOG_COMPILER_GENERATE_SWIFT_ASSET_SYMBOL_EXTENSIONS = YES;
				CLANG_ANALYZER_LOCALIZABILITY_NONLOCALIZED = YES;
				CLANG_ANALYZER_NONNULL = YES;
				CLANG_ANALYZER_NUMBER_OBJECT_CONVERSION = YES_AGGRESSIVE;
				CLANG_CXX_LANGUAGE_STANDARD = "gnu++20";
				CLANG_ENABLE_MODULES = YES;
				CLANG_ENABLE_OBJC_ARC = YES;
				CLANG_ENABLE_OBJC_WEAK = YES;
				CLANG_WARN_BLOCK_CAPTURE_AUTORELEASING = YES;
				CLANG_WARN_BOOL_CONVERSION = YES;
				CLANG_WARN_COMMA = YES;
				CLANG_WARN_CONSTANT_CONVERSION = YES;
				CLANG_WARN_DEPRECATED_OBJC_IMPLEMENTATIONS = YES;
				CLANG_WARN_DIRECT_OBJC_ISA_USAGE = YES_ERROR;
				CLANG_WARN_DOCUMENTATION_COMMENTS = YES;
				CLANG_WARN_EMPTY_BODY = YES;
				CLANG_WARN_ENUM_CONVERSION = YES;
				CLANG_WARN_INFINITE_RECURSION = YES;
				CLANG_WARN_INT_CONVERSION = YES;
				CLANG_WARN_NON_LITERAL_NULL_CONVERSION = YES;
				CLANG_WARN_OBJC_IMPLICIT_RETAIN_SELF = YES;
				CLANG_WARN_OBJC_LITERAL_CONVERSION = YES;
				CLANG_WARN_OBJC_ROOT_CLASS = YES_ERROR;
				CLANG_WARN_QUOTED_INCLUDE_IN_FRAMEWORK_HEADER = YES;
				CLANG_WARN_RANGE_LOOP_ANALYSIS = YES;
				CLANG_WARN_STRICT_PROTOTYPES = YES;
				CLANG_WARN_SUSPICIOUS_MOVE = YES;
				CLANG_WARN_UNGUARDED_AVAILABILITY = YES_AGGRESSIVE;
				CLANG_WARN_UNREACHABLE_CODE = YES;
				CLANG_WARN__DUPLICATE_METHOD_MATCH = YES;
				COPY_PHASE_STRIP = NO;
				DEBUG_INFORMATION_FORMAT = "dwarf-with-dsym";
				ENABLE_NS_ASSERTIONS = NO;
				ENABLE_STRICT_OBJC_MSGSEND = YES;
				ENABLE_USER_SCRIPT_SANDBOXING = YES;
				GCC_C_LANGUAGE_STANDARD = gnu17;
				GCC_NO_COMMON_BLOCKS = YES;
				GCC_WARN_64_TO_32_BIT_CONVERSION = YES;
				GCC_WARN_ABOUT_RETURN_TYPE = YES_ERROR;
				GCC_WARN_UNDECLARED_SELECTOR = YES;
				GCC_WARN_UNINITIALIZED_AUTOS = YES_AGGRESSIVE;
				GCC_WARN_UNUSED_FUNCTION = YES;
				GCC_WARN_UNUSED_VARIABLE = YES;
				IPHONEOS_DEPLOYMENT_TARGET = 13.4;
				LOCALIZATION_PREFERS_STRING_CATALOGS = YES;
				MTL_ENABLE_DEBUG_INFO = NO;
				MTL_FAST_MATH = YES;
				SDKROOT = iphoneos;
				SWIFT_COMPILATION_MODE = wholemodule;
				SWIFT_EMIT_LOC_STRINGS = YES;
				VALIDATE_PRODUCT = YES;
			};
			name = Release;
		};
		C13CFD7B2C8E40F700E7800F /* Debug */ = {
			isa = XCBuildConfiguration;
			baseConfigurationReference = 592993E03AB80FD8F3E23662 /* Pods-Tracker.debug.xcconfig */;
			buildSettings = {
				ASSETCATALOG_COMPILER_APPICON_NAME = AppIcon;
				ASSETCATALOG_COMPILER_GLOBAL_ACCENT_COLOR_NAME = AccentColor;
				CODE_SIGN_STYLE = Automatic;
				CURRENT_PROJECT_VERSION = 1;
				DEVELOPMENT_TEAM = 93CLJN9JG4;
				ENABLE_USER_SCRIPT_SANDBOXING = NO;
				GENERATE_INFOPLIST_FILE = YES;
				INFOPLIST_FILE = Tracker/Info.plist;
				INFOPLIST_KEY_UIApplicationSupportsIndirectInputEvents = YES;
				INFOPLIST_KEY_UILaunchStoryboardName = LaunchScreen;
				INFOPLIST_KEY_UISupportedInterfaceOrientations_iPad = "UIInterfaceOrientationPortrait UIInterfaceOrientationPortraitUpsideDown UIInterfaceOrientationLandscapeLeft UIInterfaceOrientationLandscapeRight";
				INFOPLIST_KEY_UISupportedInterfaceOrientations_iPhone = "UIInterfaceOrientationPortrait UIInterfaceOrientationLandscapeLeft UIInterfaceOrientationLandscapeRight";
				LD_RUNPATH_SEARCH_PATHS = (
					"$(inherited)",
					"@executable_path/Frameworks",
				);
				MARKETING_VERSION = 1.0;
				PRODUCT_BUNDLE_IDENTIFIER = practicum.Tracker;
				PRODUCT_NAME = "$(TARGET_NAME)";
				SWIFT_EMIT_LOC_STRINGS = YES;
				SWIFT_VERSION = 5.0;
				TARGETED_DEVICE_FAMILY = "1,2";
			};
			name = Debug;
		};
		C13CFD7C2C8E40F700E7800F /* Release */ = {
			isa = XCBuildConfiguration;
			baseConfigurationReference = 2284BBE5AD3769CDD204B6BC /* Pods-Tracker.release.xcconfig */;
			buildSettings = {
				ASSETCATALOG_COMPILER_APPICON_NAME = AppIcon;
				ASSETCATALOG_COMPILER_GLOBAL_ACCENT_COLOR_NAME = AccentColor;
				CODE_SIGN_STYLE = Automatic;
				CURRENT_PROJECT_VERSION = 1;
				DEVELOPMENT_TEAM = 93CLJN9JG4;
				ENABLE_USER_SCRIPT_SANDBOXING = NO;
				GENERATE_INFOPLIST_FILE = YES;
				INFOPLIST_FILE = Tracker/Info.plist;
				INFOPLIST_KEY_UIApplicationSupportsIndirectInputEvents = YES;
				INFOPLIST_KEY_UILaunchStoryboardName = LaunchScreen;
				INFOPLIST_KEY_UISupportedInterfaceOrientations_iPad = "UIInterfaceOrientationPortrait UIInterfaceOrientationPortraitUpsideDown UIInterfaceOrientationLandscapeLeft UIInterfaceOrientationLandscapeRight";
				INFOPLIST_KEY_UISupportedInterfaceOrientations_iPhone = "UIInterfaceOrientationPortrait UIInterfaceOrientationLandscapeLeft UIInterfaceOrientationLandscapeRight";
				LD_RUNPATH_SEARCH_PATHS = (
					"$(inherited)",
					"@executable_path/Frameworks",
				);
				MARKETING_VERSION = 1.0;
				PRODUCT_BUNDLE_IDENTIFIER = practicum.Tracker;
				PRODUCT_NAME = "$(TARGET_NAME)";
				SWIFT_EMIT_LOC_STRINGS = YES;
				SWIFT_VERSION = 5.0;
				TARGETED_DEVICE_FAMILY = "1,2";
			};
			name = Release;
		};
		C15060182D01EB8D0004CA1E /* Debug */ = {
			isa = XCBuildConfiguration;
			baseConfigurationReference = 9169A92CBE37F6F37280F618 /* Pods-TrackerTests.debug.xcconfig */;
			buildSettings = {
				BUNDLE_LOADER = "$(TEST_HOST)";
				CODE_SIGN_STYLE = Automatic;
				CURRENT_PROJECT_VERSION = 1;
				DEVELOPMENT_TEAM = 93CLJN9JG4;
				GENERATE_INFOPLIST_FILE = YES;
				IPHONEOS_DEPLOYMENT_TARGET = 18.1;
				MARKETING_VERSION = 1.0;
				PRODUCT_BUNDLE_IDENTIFIER = Pansy.TrackerTests;
				PRODUCT_NAME = "$(TARGET_NAME)";
				SWIFT_EMIT_LOC_STRINGS = NO;
				SWIFT_VERSION = 5.0;
				TARGETED_DEVICE_FAMILY = "1,2";
				TEST_HOST = "$(BUILT_PRODUCTS_DIR)/Tracker.app/$(BUNDLE_EXECUTABLE_FOLDER_PATH)/Tracker";
			};
			name = Debug;
		};
		C15060192D01EB8D0004CA1E /* Release */ = {
			isa = XCBuildConfiguration;
			baseConfigurationReference = 89D216DE38578D3530E21686 /* Pods-TrackerTests.release.xcconfig */;
			buildSettings = {
				BUNDLE_LOADER = "$(TEST_HOST)";
				CODE_SIGN_STYLE = Automatic;
				CURRENT_PROJECT_VERSION = 1;
				DEVELOPMENT_TEAM = 93CLJN9JG4;
				GENERATE_INFOPLIST_FILE = YES;
				IPHONEOS_DEPLOYMENT_TARGET = 18.1;
				MARKETING_VERSION = 1.0;
				PRODUCT_BUNDLE_IDENTIFIER = Pansy.TrackerTests;
				PRODUCT_NAME = "$(TARGET_NAME)";
				SWIFT_EMIT_LOC_STRINGS = NO;
				SWIFT_VERSION = 5.0;
				TARGETED_DEVICE_FAMILY = "1,2";
				TEST_HOST = "$(BUILT_PRODUCTS_DIR)/Tracker.app/$(BUNDLE_EXECUTABLE_FOLDER_PATH)/Tracker";
			};
			name = Release;
		};
/* End XCBuildConfiguration section */

/* Begin XCConfigurationList section */
		C13CFD612C8E40F500E7800F /* Build configuration list for PBXProject "Tracker" */ = {
			isa = XCConfigurationList;
			buildConfigurations = (
				C13CFD782C8E40F700E7800F /* Debug */,
				C13CFD792C8E40F700E7800F /* Release */,
			);
			defaultConfigurationIsVisible = 0;
			defaultConfigurationName = Release;
		};
		C13CFD7A2C8E40F700E7800F /* Build configuration list for PBXNativeTarget "Tracker" */ = {
			isa = XCConfigurationList;
			buildConfigurations = (
				C13CFD7B2C8E40F700E7800F /* Debug */,
				C13CFD7C2C8E40F700E7800F /* Release */,
			);
			defaultConfigurationIsVisible = 0;
			defaultConfigurationName = Release;
		};
		C15060172D01EB8D0004CA1E /* Build configuration list for PBXNativeTarget "TrackerTests" */ = {
			isa = XCConfigurationList;
			buildConfigurations = (
				C15060182D01EB8D0004CA1E /* Debug */,
				C15060192D01EB8D0004CA1E /* Release */,
			);
			defaultConfigurationIsVisible = 0;
			defaultConfigurationName = Release;
		};
/* End XCConfigurationList section */

/* Begin XCRemoteSwiftPackageReference section */
		C150601A2D01EBB00004CA1E /* XCRemoteSwiftPackageReference "swift-snapshot-testing" */ = {
			isa = XCRemoteSwiftPackageReference;
			repositoryURL = "https://github.com/pointfreeco/swift-snapshot-testing";
			requirement = {
				kind = upToNextMajorVersion;
				minimumVersion = 1.17.6;
			};
		};
/* End XCRemoteSwiftPackageReference section */

/* Begin XCSwiftPackageProductDependency section */
		C150601C2D01EC270004CA1E /* InlineSnapshotTesting */ = {
			isa = XCSwiftPackageProductDependency;
			package = C150601A2D01EBB00004CA1E /* XCRemoteSwiftPackageReference "swift-snapshot-testing" */;
			productName = InlineSnapshotTesting;
		};
		C150601E2D01EC270004CA1E /* SnapshotTesting */ = {
			isa = XCSwiftPackageProductDependency;
			package = C150601A2D01EBB00004CA1E /* XCRemoteSwiftPackageReference "swift-snapshot-testing" */;
			productName = SnapshotTesting;
		};
/* End XCSwiftPackageProductDependency section */

/* Begin XCVersionGroup section */
		C1F18A972CF49BF3005210DD /* Model.xcdatamodeld */ = {
			isa = XCVersionGroup;
			children = (
				C1F18A982CF49BF3005210DD /* Model.xcdatamodel */,
			);
			currentVersion = C1F18A982CF49BF3005210DD /* Model.xcdatamodel */;
			path = Model.xcdatamodeld;
			sourceTree = "<group>";
			versionGroupType = wrapper.xcdatamodel;
		};
/* End XCVersionGroup section */
	};
	rootObject = C13CFD5E2C8E40F500E7800F /* Project object */;
}
